
Microsoft Visual Studio Solution File, Format Version 12.00
# Visual Studio 15
VisualStudioVersion = 15.0.26228.9
MinimumVisualStudioVersion = 10.0.40219.1
Project("{FAE04EC0-301F-11D3-BF4B-00C04F79EFBC}") = "Algos", "Algos\Algos.csproj", "{035FDDEA-0C22-40B8-A67B-C266ACFFDE04}"
EndProject
Project("{FAE04EC0-301F-11D3-BF4B-00C04F79EFBC}") = "AlgosTests", "AlgosTests\AlgosTests.csproj", "{E342CF72-3306-4BAF-B3AA-42BA5634297F}"
EndProject
Global
	GlobalSection(SolutionConfigurationPlatforms) = preSolution
		Debug|Any CPU = Debug|Any CPU
		Release|Any CPU = Release|Any CPU
	EndGlobalSection
	GlobalSection(ProjectConfigurationPlatforms) = postSolution
		{035FDDEA-0C22-40B8-A67B-C266ACFFDE04}.Debug|Any CPU.ActiveCfg = Debug|Any CPU
		{035FDDEA-0C22-40B8-A67B-C266ACFFDE04}.Debug|Any CPU.Build.0 = Debug|Any CPU
		{035FDDEA-0C22-40B8-A67B-C266ACFFDE04}.Release|Any CPU.ActiveCfg = Release|Any CPU
		{035FDDEA-0C22-40B8-A67B-C266ACFFDE04}.Release|Any CPU.Build.0 = Release|Any CPU
		{E342CF72-3306-4BAF-B3AA-42BA5634297F}.Debug|Any CPU.ActiveCfg = Debug|Any CPU
		{E342CF72-3306-4BAF-B3AA-42BA5634297F}.Debug|Any CPU.Build.0 = Debug|Any CPU
		{E342CF72-3306-4BAF-B3AA-42BA5634297F}.Release|Any CPU.ActiveCfg = Release|Any CPU
		{E342CF72-3306-4BAF-B3AA-42BA5634297F}.Release|Any CPU.Build.0 = Release|Any CPU
	EndGlobalSection
	GlobalSection(SolutionProperties) = preSolution
		HideSolutionNode = FALSE
	EndGlobalSection
EndGlobal
